
Microsoft Visual Studio Solution File, Format Version 12.00
# Visual Studio Version 16
VisualStudioVersion = 16.0.30804.86
MinimumVisualStudioVersion = 10.0.40219.1
Project("{9A19103F-16F7-4668-BE54-9A1E7A4F7556}") = "AutomaticBuyTicket.Core", "AutomaticBuyTicket.Core\AutomaticBuyTicket.Core.csproj", "{9537993E-B623-4CE4-B9FC-CED7E68BC1EE}"
EndProject
Project("{9A19103F-16F7-4668-BE54-9A1E7A4F7556}") = "AutomaticBuyTicket.Core.Tests", "AutomaticBuyTicket.CoreTests\AutomaticBuyTicket.Core.Tests.csproj", "{2DCD5F03-7E08-4A1A-B60D-2323139DD744}"
EndProject
Project("{9A19103F-16F7-4668-BE54-9A1E7A4F7556}") = "AutomaticBuyTicket.Client", "AutomaticBuyTicket.Client\AutomaticBuyTicket.Client.csproj", "{8C460B7A-FB50-4AB1-B9C2-1DC31F516794}"
EndProject
Global
	GlobalSection(SolutionConfigurationPlatforms) = preSolution
		Debug|Any CPU = Debug|Any CPU
		Release|Any CPU = Release|Any CPU
	EndGlobalSection
	GlobalSection(ProjectConfigurationPlatforms) = postSolution
		{9537993E-B623-4CE4-B9FC-CED7E68BC1EE}.Debug|Any CPU.ActiveCfg = Debug|Any CPU
		{9537993E-B623-4CE4-B9FC-CED7E68BC1EE}.Debug|Any CPU.Build.0 = Debug|Any CPU
		{9537993E-B623-4CE4-B9FC-CED7E68BC1EE}.Release|Any CPU.ActiveCfg = Release|Any CPU
		{9537993E-B623-4CE4-B9FC-CED7E68BC1EE}.Release|Any CPU.Build.0 = Release|Any CPU
		{2DCD5F03-7E08-4A1A-B60D-2323139DD744}.Debug|Any CPU.ActiveCfg = Debug|Any CPU
		{2DCD5F03-7E08-4A1A-B60D-2323139DD744}.Debug|Any CPU.Build.0 = Debug|Any CPU
		{2DCD5F03-7E08-4A1A-B60D-2323139DD744}.Release|Any CPU.ActiveCfg = Release|Any CPU
		{2DCD5F03-7E08-4A1A-B60D-2323139DD744}.Release|Any CPU.Build.0 = Release|Any CPU
		{8C460B7A-FB50-4AB1-B9C2-1DC31F516794}.Debug|Any CPU.ActiveCfg = Debug|Any CPU
		{8C460B7A-FB50-4AB1-B9C2-1DC31F516794}.Debug|Any CPU.Build.0 = Debug|Any CPU
		{8C460B7A-FB50-4AB1-B9C2-1DC31F516794}.Release|Any CPU.ActiveCfg = Release|Any CPU
		{8C460B7A-FB50-4AB1-B9C2-1DC31F516794}.Release|Any CPU.Build.0 = Release|Any CPU
	EndGlobalSection
	GlobalSection(SolutionProperties) = preSolution
		HideSolutionNode = FALSE
	EndGlobalSection
	GlobalSection(ExtensibilityGlobals) = postSolution
		SolutionGuid = {630B3F94-DC4F-4CE9-A101-0DF9D7A8AD7A}
	EndGlobalSection
EndGlobal
